
Microsoft Visual Studio Solution File, Format Version 12.00
# Visual Studio Version 16
VisualStudioVersion = 16.0.31424.327
MinimumVisualStudioVersion = 10.0.40219.1
Project("{9A19103F-16F7-4668-BE54-9A1E7A4F7556}") = "ApplicationCore", "ApplicationCore\ApplicationCore.csproj", "{E80C39CC-F278-48C3-B1B5-CA286FC5B745}"
EndProject
Project("{9A19103F-16F7-4668-BE54-9A1E7A4F7556}") = "Application", "Application\Application.csproj", "{F9D77C57-E189-4F1E-9ED0-B8E1E0D0E10A}"
EndProject
Project("{9A19103F-16F7-4668-BE54-9A1E7A4F7556}") = "Domain", "Domain\Domain.csproj", "{8BD5B292-AA6F-4693-A3CF-E6F42862B9BA}"
EndProject
Project("{9A19103F-16F7-4668-BE54-9A1E7A4F7556}") = "Infraestructure", "Infraestructure\Infraestructure.csproj", "{6034538D-BA49-463A-B696-FF04772D0047}"
EndProject
Project("{FAE04EC0-301F-11D3-BF4B-00C04F79EFBC}") = "CashBank_Tests", "CashBank_Tests\CashBank_Tests.csproj", "{F13CDAC6-B792-44B8-BE98-B830A889BEB5}"
EndProject
Global
	GlobalSection(SolutionConfigurationPlatforms) = preSolution
		Debug|Any CPU = Debug|Any CPU
		Release|Any CPU = Release|Any CPU
	EndGlobalSection
	GlobalSection(ProjectConfigurationPlatforms) = postSolution
		{E80C39CC-F278-48C3-B1B5-CA286FC5B745}.Debug|Any CPU.ActiveCfg = Debug|Any CPU
		{E80C39CC-F278-48C3-B1B5-CA286FC5B745}.Debug|Any CPU.Build.0 = Debug|Any CPU
		{E80C39CC-F278-48C3-B1B5-CA286FC5B745}.Release|Any CPU.ActiveCfg = Release|Any CPU
		{E80C39CC-F278-48C3-B1B5-CA286FC5B745}.Release|Any CPU.Build.0 = Release|Any CPU
		{F9D77C57-E189-4F1E-9ED0-B8E1E0D0E10A}.Debug|Any CPU.ActiveCfg = Debug|Any CPU
		{F9D77C57-E189-4F1E-9ED0-B8E1E0D0E10A}.Debug|Any CPU.Build.0 = Debug|Any CPU
		{F9D77C57-E189-4F1E-9ED0-B8E1E0D0E10A}.Release|Any CPU.ActiveCfg = Release|Any CPU
		{F9D77C57-E189-4F1E-9ED0-B8E1E0D0E10A}.Release|Any CPU.Build.0 = Release|Any CPU
		{8BD5B292-AA6F-4693-A3CF-E6F42862B9BA}.Debug|Any CPU.ActiveCfg = Debug|Any CPU
		{8BD5B292-AA6F-4693-A3CF-E6F42862B9BA}.Debug|Any CPU.Build.0 = Debug|Any CPU
		{8BD5B292-AA6F-4693-A3CF-E6F42862B9BA}.Release|Any CPU.ActiveCfg = Release|Any CPU
		{8BD5B292-AA6F-4693-A3CF-E6F42862B9BA}.Release|Any CPU.Build.0 = Release|Any CPU
		{6034538D-BA49-463A-B696-FF04772D0047}.Debug|Any CPU.ActiveCfg = Debug|Any CPU
		{6034538D-BA49-463A-B696-FF04772D0047}.Debug|Any CPU.Build.0 = Debug|Any CPU
		{6034538D-BA49-463A-B696-FF04772D0047}.Release|Any CPU.ActiveCfg = Release|Any CPU
		{6034538D-BA49-463A-B696-FF04772D0047}.Release|Any CPU.Build.0 = Release|Any CPU
		{F13CDAC6-B792-44B8-BE98-B830A889BEB5}.Debug|Any CPU.ActiveCfg = Debug|Any CPU
		{F13CDAC6-B792-44B8-BE98-B830A889BEB5}.Debug|Any CPU.Build.0 = Debug|Any CPU
		{F13CDAC6-B792-44B8-BE98-B830A889BEB5}.Release|Any CPU.ActiveCfg = Release|Any CPU
		{F13CDAC6-B792-44B8-BE98-B830A889BEB5}.Release|Any CPU.Build.0 = Release|Any CPU
	EndGlobalSection
	GlobalSection(SolutionProperties) = preSolution
		HideSolutionNode = FALSE
	EndGlobalSection
	GlobalSection(ExtensibilityGlobals) = postSolution
		SolutionGuid = {72897DCE-5092-4658-8531-B9D4E4952442}
	EndGlobalSection
EndGlobal
